
Microsoft Visual Studio Solution File, Format Version 12.00
# Visual Studio Version 16
VisualStudioVersion = 16.0.31205.134
MinimumVisualStudioVersion = 10.0.40219.1
Project("{FAE04EC0-301F-11D3-BF4B-00C04F79EFBC}") = "HomeWorkConsoleApp3", "HomeWorkConsoleApp3\HomeWorkConsoleApp3.csproj", "{4AE42DE8-D298-4F5F-AC49-C536F3456611}"
EndProject
Global
	GlobalSection(SolutionConfigurationPlatforms) = preSolution
		Debug|Any CPU = Debug|Any CPU
		Release|Any CPU = Release|Any CPU
	EndGlobalSection
	GlobalSection(ProjectConfigurationPlatforms) = postSolution
		{4AE42DE8-D298-4F5F-AC49-C536F3456611}.Debug|Any CPU.ActiveCfg = Debug|Any CPU
		{4AE42DE8-D298-4F5F-AC49-C536F3456611}.Debug|Any CPU.Build.0 = Debug|Any CPU
		{4AE42DE8-D298-4F5F-AC49-C536F3456611}.Release|Any CPU.ActiveCfg = Release|Any CPU
		{4AE42DE8-D298-4F5F-AC49-C536F3456611}.Release|Any CPU.Build.0 = Release|Any CPU
	EndGlobalSection
	GlobalSection(SolutionProperties) = preSolution
		HideSolutionNode = FALSE
	EndGlobalSection
	GlobalSection(ExtensibilityGlobals) = postSolution
		SolutionGuid = {85EDADDC-80A7-4DC9-B0EE-5D39A0CEC416}
	EndGlobalSection
EndGlobal
